<?xml version="1.0" encoding="UTF-8" standalone="yes" ?>
<CodeBlocks_project_file>
	<FileVersion major="1" minor="6" />
	<Project>
		<Option title="PlainProject-v2.5.3-codeblocks" />
		<Option pch_mode="2" />
		<Option compiler="gcc" />
		<Build>
			<Target title="Release">
				<Option output="bin/Release/PlainProject-v2" prefix_auto="1" extension_auto="1" />
				<Option object_output="obj/Release/" />
				<Option type="1" />
				<Option compiler="gcc" />
				<Compiler>
					<Add option="-O2" />
				</Compiler>
				<Linker>
					<Add option="-s" />
					<Add directory="." />
				</Linker>
			</Target>
		</Build>
		<Compiler>
			<Add option="-Wall" />
			<Add option="-fexceptions" />
		</Compiler>
		<Linker>
			<Add library="liblpc.a" />
			<Add library="libgdi32.a" />
		</Linker>
		<Unit filename="bst.h" />
		<Unit filename="cmpfn.h" />
		<Unit filename="expression.cpp" />
		<Unit filename="expression.h" />
		<Unit filename="foreach.h" />
		<Unit filename="grid.h" />
		<Unit filename="helper.cpp" />
		<Unit filename="helper.h" />
		<Unit filename="lex.yy.cpp" />
		<Unit filename="lex.yy.h" />
		<Unit filename="lexicon.h" />
		<Unit filename="lpclib.h" />
		<Unit filename="main.cpp" />
		<Unit filename="map.h" />
		<Unit filename="queue.h" />
		<Unit filename="scanner.h" />
		<Unit filename="set.h" />
		<Unit filename="stack.h" />
		<Unit filename="vector.h" />
		<Unit filename="y.tab.h" />
		<Extensions>
			<code_completion />
			<envvars />
			<debugger />
			<lib_finder disable_auto="1" />
		</Extensions>
	</Project>
</CodeBlocks_project_file>
